<?xml version="1.0" encoding="utf-8"?>
<Project ToolsVersion="4.0" xmlns="http://schemas.microsoft.com/developer/msbuild/2003">
  <ItemGroup>
    <Filter Include="00.MainApp">
      <UniqueIdentifier>{18473f23-5b91-4c91-b242-1e81b8447062}</UniqueIdentifier>
    </Filter>
    <Filter Include="95.System">
      <UniqueIdentifier>{7ff97221-05d0-4e0f-b288-c27311adca3b}</UniqueIdentifier>
    </Filter>
    <Filter Include="96.Utility">
      <UniqueIdentifier>{53983b20-02f2-4e38-9dd6-c13c1a56b394}</UniqueIdentifier>
    </Filter>
    <Filter Include="97.Resources">
      <UniqueIdentifier>{129f14e6-86fb-4758-aa4a-3f530310facd}</UniqueIdentifier>
    </Filter>
    <Filter Include="98.Header">
      <UniqueIdentifier>{59030462-82df-4e9c-87e2-15a1084344d2}</UniqueIdentifier>
    </Filter>
    <Filter Include="99.Default">
      <UniqueIdentifier>{29be360a-99d3-46b2-975f-c4759b78b041}</UniqueIdentifier>
    </Filter>
    <Filter Include="97.Resources\01.Buffer">
      <UniqueIdentifier>{62c67f52-d8d6-4873-8201-bb90ac56b681}</UniqueIdentifier>
    </Filter>
    <Filter Include="97.Resources\01.Buffer\1.RcCol">
      <UniqueIdentifier>{fa608c2c-698b-4ea9-b65e-3246b8330b0e}</UniqueIdentifier>
    </Filter>
    <Filter Include="97.Resources\01.Buffer\2.RcTex">
      <UniqueIdentifier>{137a16f8-dcce-472a-ab82-dcb7ac07de28}</UniqueIdentifier>
    </Filter>
    <Filter Include="97.Resources\01.Buffer\3.CubeCol">
      <UniqueIdentifier>{63093d21-3712-4fe1-85ea-9c5e21d24b18}</UniqueIdentifier>
    </Filter>
    <Filter Include="97.Resources\01.Buffer\4.RcTerrain">
      <UniqueIdentifier>{a58efe29-06d5-45e9-b543-4bebb79fa378}</UniqueIdentifier>
    </Filter>
    <Filter Include="97.Resources\01.Buffer\5.Mesh">
      <UniqueIdentifier>{f75e86b7-935c-4239-98f9-44eefcbe1a10}</UniqueIdentifier>
    </Filter>
    <Filter Include="97.Resources\01.Buffer\5.Mesh\StaticMesh">
      <UniqueIdentifier>{f83f0cea-ff1d-4e26-8da7-eca11e663f90}</UniqueIdentifier>
    </Filter>
    <Filter Include="97.Resources\01.Buffer\5.Mesh\DynamicMesh">
      <UniqueIdentifier>{d5579613-7643-473e-9305-fc111bb16cf5}</UniqueIdentifier>
    </Filter>
    <Filter Include="97.Resources\02.Texture">
      <UniqueIdentifier>{46ffb01b-79c4-4ab7-852b-817cec36183d}</UniqueIdentifier>
    </Filter>
    <Filter Include="97.Resources\03.Shader">
      <UniqueIdentifier>{2f9ed2d6-ab26-44b7-a759-34fb5b38a5b7}</UniqueIdentifier>
    </Filter>
    <Filter Include="97.Resources\03.Shader\ShaderCode">
      <UniqueIdentifier>{34152fb6-e3f8-4e1c-a631-3c0f9928d76d}</UniqueIdentifier>
    </Filter>
    <Filter Include="96.Utility\01.Collision">
      <UniqueIdentifier>{e15dfe91-ff85-4df8-bf6a-fa16027e64cc}</UniqueIdentifier>
    </Filter>
    <Filter Include="96.Utility\01.Collision\TerrainCol">
      <UniqueIdentifier>{fbc126dd-7094-473c-9ca2-65103b3dce89}</UniqueIdentifier>
    </Filter>
    <Filter Include="95.System\02.Time">
      <UniqueIdentifier>{5e3eb66c-b157-4fba-bb87-001e6cbf98e0}</UniqueIdentifier>
    </Filter>
    <Filter Include="95.System\04.Input">
      <UniqueIdentifier>{b0f999ec-bbd9-44c8-87c6-04865b733ead}</UniqueIdentifier>
    </Filter>
    <Filter Include="01.Scene">
      <UniqueIdentifier>{80152e5a-f81c-42b1-a417-ad376bcf0744}</UniqueIdentifier>
    </Filter>
    <Filter Include="01.Scene\01.Logo">
      <UniqueIdentifier>{7e4835ae-613e-4ddd-bf94-1f529f7bafda}</UniqueIdentifier>
    </Filter>
    <Filter Include="01.Scene\02.Stage">
      <UniqueIdentifier>{a5f766a5-c97a-4be5-80fb-6e66843a2646}</UniqueIdentifier>
    </Filter>
    <Filter Include="02.Object">
      <UniqueIdentifier>{a182f6c5-6c01-42c9-b179-747c0f9f6afe}</UniqueIdentifier>
    </Filter>
    <Filter Include="02.Object\01.Player">
      <UniqueIdentifier>{7b53df79-60cb-49b2-9cad-e67cfd9b7fa2}</UniqueIdentifier>
    </Filter>
    <Filter Include="96.Utility\02.Component">
      <UniqueIdentifier>{731562bd-e332-48e1-abe0-f90e30c51df5}</UniqueIdentifier>
    </Filter>
    <Filter Include="96.Utility\02.Component\01.Info">
      <UniqueIdentifier>{7c11a083-c791-4d1e-9fb7-0f01691adff6}</UniqueIdentifier>
    </Filter>
    <Filter Include="03.Camera">
      <UniqueIdentifier>{5ca74f30-740c-4e44-94ff-908dcf07b525}</UniqueIdentifier>
    </Filter>
    <Filter Include="04.Manager">
      <UniqueIdentifier>{726f7b8d-80df-4742-a436-c0822655093f}</UniqueIdentifier>
    </Filter>
    <Filter Include="04.Manager\01.ObjMgr">
      <UniqueIdentifier>{1e3b3aac-3914-4975-9f97-792c8e35fb6e}</UniqueIdentifier>
    </Filter>
    <Filter Include="04.Manager\02.ResourcesMgr">
      <UniqueIdentifier>{d15ef638-e94f-4492-9e54-20699f236972}</UniqueIdentifier>
    </Filter>
    <Filter Include="04.Manager\03.CollisionMgr">
      <UniqueIdentifier>{5415e1ec-1ef3-48b6-8cfa-f94602e8ea22}</UniqueIdentifier>
    </Filter>
    <Filter Include="04.Manager\04.ShaderMgr">
      <UniqueIdentifier>{b291dffa-8096-4b6a-a5fb-8b99534711a5}</UniqueIdentifier>
    </Filter>
    <Filter Include="04.Manager\05.RenderMgr">
      <UniqueIdentifier>{b59eec78-84d0-4ca5-a35d-5254112a62ab}</UniqueIdentifier>
    </Filter>
    <Filter Include="04.Manager\06.SceneMgr">
      <UniqueIdentifier>{2826c012-5416-4854-ab4a-70dd760f4a9d}</UniqueIdentifier>
    </Filter>
    <Filter Include="04.Manager\07.SoundMgr">
      <UniqueIdentifier>{7806e50f-6e83-4b77-bdb2-0b38fc2b0464}</UniqueIdentifier>
    </Filter>
    <Filter Include="97.Resources\01.Buffer\5.Mesh\DynamicMesh\FbxParser">
      <UniqueIdentifier>{b2b743ce-8a4b-4998-a5c0-417ae6f73eff}</UniqueIdentifier>
    </Filter>
    <Filter Include="97.Resources\01.Buffer\5.Mesh\DynamicMesh\AnimationBuffer">
      <UniqueIdentifier>{c62de12e-6dde-4abc-af96-3d81921fb76c}</UniqueIdentifier>
    </Filter>
    <Filter Include="99.Default\Only for Server">
      <UniqueIdentifier>{17ab7a26-ec7a-4aa4-aded-0d3a699b0c37}</UniqueIdentifier>
    </Filter>
    <Filter Include="02.Object\02.OtherPlayer">
      <UniqueIdentifier>{7776e028-249d-4088-a3c4-fe2efe5a06af}</UniqueIdentifier>
    </Filter>
    <Filter Include="02.Object\03.Terrain">
      <UniqueIdentifier>{f805015c-d66a-4602-b13a-5b3b69a1c216}</UniqueIdentifier>
    </Filter>
    <Filter Include="02.Object\04.Flower">
      <UniqueIdentifier>{4e436726-15b2-45e4-bd58-fe4c2d323335}</UniqueIdentifier>
    </Filter>
    <Filter Include="02.Object\05.StaticObject">
      <UniqueIdentifier>{7a43c6c8-a91b-4655-b9fb-4fde5e60f544}</UniqueIdentifier>
    </Filter>
    <Filter Include="01.Scene\03.Loading">
      <UniqueIdentifier>{721af463-2e4b-459a-be5d-25939eedd99c}</UniqueIdentifier>
    </Filter>
    <Filter Include="02.Object\99.LogoBack">
      <UniqueIdentifier>{d93c1ced-5fd7-4793-b3f2-20186e576f10}</UniqueIdentifier>
    </Filter>
    <Filter Include="04.Manager\08.AniMgr">
      <UniqueIdentifier>{284f11ed-edf2-46ac-a400-8bf67915b6c3}</UniqueIdentifier>
    </Filter>
    <Filter Include="95.System\99.PasingDevice">
      <UniqueIdentifier>{5cd805a9-66fe-4a6b-865b-9c6eec25f9fe}</UniqueIdentifier>
    </Filter>
    <Filter Include="04.Manager\09.LightMgr">
      <UniqueIdentifier>{54f8a8cc-6824-40e1-8aaf-c85b9e6a9b35}</UniqueIdentifier>
    </Filter>
    <Filter Include="04.Manager\10.TargetMgr">
      <UniqueIdentifier>{2cfad904-f89c-49d9-b467-5ab6bb338748}</UniqueIdentifier>
    </Filter>
    <Filter Include="04.Manager\10.TargetMgr\MultiRenderTarget">
      <UniqueIdentifier>{5659eede-9e0f-4e79-8f25-a25209f62705}</UniqueIdentifier>
    </Filter>
    <Filter Include="04.Manager\10.TargetMgr\MultiRenderTarget\RenderTaget">
      <UniqueIdentifier>{d3a9a414-72d3-4810-92c1-68607e9a64dd}</UniqueIdentifier>
    </Filter>
    <Filter Include="96.Utility\03.Optimization">
      <UniqueIdentifier>{8bf12b9c-6fbc-49c9-8399-16ffcd21a722}</UniqueIdentifier>
    </Filter>
    <Filter Include="96.Utility\03.Optimization\01.Frustum">
      <UniqueIdentifier>{e03b9be9-7107-4ae8-814a-2245d044f4e3}</UniqueIdentifier>
    </Filter>
    <Filter Include="96.Utility\03.Optimization\02.QuardTree">
      <UniqueIdentifier>{995c48e5-4076-4726-914b-69e8878ed4ea}</UniqueIdentifier>
    </Filter>
    <Filter Include="96.Utility\03.Optimization\02.QuardTree\Node">
      <UniqueIdentifier>{09244366-0d27-4ad5-9c2d-ca6c0af065bf}</UniqueIdentifier>
    </Filter>
    <Filter Include="02.Object\06.Monster">
      <UniqueIdentifier>{b34f5559-2e11-4a8e-8c44-fadb03ee4e10}</UniqueIdentifier>
    </Filter>
    <Filter Include="96.Utility\04.NaviMgr">
      <UniqueIdentifier>{950a68c3-81db-4375-9c4b-f62fe21af1b1}</UniqueIdentifier>
    </Filter>
    <Filter Include="96.Utility\04.NaviMgr\NaviCell">
      <UniqueIdentifier>{99df6ce8-1230-4f36-8e93-f4df24243aeb}</UniqueIdentifier>
    </Filter>
    <Filter Include="96.Utility\04.NaviMgr\NaviCell\Line2D">
      <UniqueIdentifier>{b85e6353-aacf-43e5-a3c9-6f04331ee974}</UniqueIdentifier>
    </Filter>
    <Filter Include="97.Resources\01.Buffer\6.LineCol">
      <UniqueIdentifier>{06dade88-9f62-417c-9172-55f30c0510e0}</UniqueIdentifier>
    </Filter>
    <Filter Include="95.System\01.Device">
      <UniqueIdentifier>{dd34141e-2394-445e-8a57-8cda25588b51}</UniqueIdentifier>
    </Filter>
    <Filter Include="95.System\05.FontMgr">
      <UniqueIdentifier>{01546f85-ae6b-4077-9373-01b41f813d7e}</UniqueIdentifier>
    </Filter>
    <Filter Include="95.System\05.FontMgr\Font">
      <UniqueIdentifier>{402621a1-56cb-4f86-812c-20c135a88881}</UniqueIdentifier>
    </Filter>
    <Filter Include="99.Default\Script">
      <UniqueIdentifier>{b291fcad-0c57-4c70-932d-5e37d542405a}</UniqueIdentifier>
    </Filter>
    <Filter Include="02.Object\07.Boss">
      <UniqueIdentifier>{7404959c-592d-4a03-85db-d9e1390cb7ea}</UniqueIdentifier>
    </Filter>
    <Filter Include="02.Object\08.UI">
      <UniqueIdentifier>{dc969811-dc26-40fd-86e0-f602df08bed7}</UniqueIdentifier>
    </Filter>
    <Filter Include="02.Object\08.UI\02.FaceUI">
      <UniqueIdentifier>{8d783b87-375a-4715-a14b-645dc65d5b96}</UniqueIdentifier>
    </Filter>
    <Filter Include="02.Object\08.UI\01.BaseUI">
      <UniqueIdentifier>{79724ac1-cc31-4dad-8352-e3326485d29e}</UniqueIdentifier>
    </Filter>
    <Filter Include="02.Object\08.UI\03.HpBar">
      <UniqueIdentifier>{778a2df4-5606-49c5-a4a8-ef0395c45ccc}</UniqueIdentifier>
    </Filter>
    <Filter Include="02.Object\08.UI\04.FeverBar">
      <UniqueIdentifier>{c20c77f6-3e50-48f7-b28c-2ae93ce4b74a}</UniqueIdentifier>
    </Filter>
    <Filter Include="02.Object\08.UI\05.RuneBar">
      <UniqueIdentifier>{a74728bd-3afd-48e6-8fe4-b6a355d2063f}</UniqueIdentifier>
    </Filter>
    <Filter Include="02.Object\08.UI\06.DamageFont">
      <UniqueIdentifier>{f763fb1e-af7a-4a13-9e25-6fc8a51eb7b4}</UniqueIdentifier>
    </Filter>
    <Filter Include="02.Object\08.UI\07.MobHpBasic">
      <UniqueIdentifier>{2437f172-be86-4fcd-96a8-2e9b923e660c}</UniqueIdentifier>
    </Filter>
    <Filter Include="02.Object\08.UI\08.MobHpBar">
      <UniqueIdentifier>{fe66701f-cc77-4a93-bbfd-f6b9a0dbfd88}</UniqueIdentifier>
    </Filter>
    <Filter Include="02.Object\08.UI\09.ChatUI">
      <UniqueIdentifier>{528f9f45-fb1a-48ab-a399-b2cfbf7ec7d0}</UniqueIdentifier>
    </Filter>
    <Filter Include="02.Object\08.UI\10.QuestUI">
      <UniqueIdentifier>{66a86b72-93a1-4505-a660-b9664fc9808f}</UniqueIdentifier>
    </Filter>
    <Filter Include="100.Shadow">
      <UniqueIdentifier>{ac475a16-5876-4853-81bc-7a8e007e75a7}</UniqueIdentifier>
    </Filter>
    <Filter Include="02.Object\08.UI\12.SkillUI">
      <UniqueIdentifier>{de434b06-878c-47e9-9924-d41e246085c0}</UniqueIdentifier>
    </Filter>
    <Filter Include="02.Object\08.UI\11.BottomUI">
      <UniqueIdentifier>{69c16de8-cc78-4e87-904b-6ab62c256624}</UniqueIdentifier>
    </Filter>
    <Filter Include="02.Object\08.UI\13.BottomFever">
      <UniqueIdentifier>{93206e82-389a-42f2-82bd-ee4fb6c48ad1}</UniqueIdentifier>
    </Filter>
    <Filter Include="02.Object\09.Effect">
      <UniqueIdentifier>{cf8a2238-ddb0-4f86-a738-dae9945a004e}</UniqueIdentifier>
    </Filter>
  </ItemGroup>
  <ItemGroup>
    <Text Include="ReadMe.txt" />
    <Text Include="ServerIP.txt">
      <Filter>99.Default\Only for Server</Filter>
    </Text>
    <Text Include="..\ShaderCode\HLSL내장함수.txt">
      <Filter>97.Resources\03.Shader\ShaderCode</Filter>
    </Text>
  </ItemGroup>
  <ItemGroup>
    <ClInclude Include="..\Code\MainApp.h">
      <Filter>00.MainApp</Filter>
    </ClInclude>
    <ClInclude Include="Client.h">
      <Filter>99.Default</Filter>
    </ClInclude>
    <ClInclude Include="Resource.h">
      <Filter>99.Default</Filter>
    </ClInclude>
    <ClInclude Include="targetver.h">
      <Filter>99.Default</Filter>
    </ClInclude>
    <ClInclude Include="stdafx.h">
      <Filter>99.Default</Filter>
    </ClInclude>
    <ClInclude Include="..\Headers\Enum.h">
      <Filter>98.Header</Filter>
    </ClInclude>
    <ClInclude Include="..\Headers\Include.h">
      <Filter>98.Header</Filter>
    </ClInclude>
    <ClInclude Include="..\Headers\Macro.h">
      <Filter>98.Header</Filter>
    </ClInclude>
    <ClInclude Include="..\Headers\Struct.h">
      <Filter>98.Header</Filter>
    </ClInclude>
    <ClInclude Include="..\Headers\Value.h">
      <Filter>98.Header</Filter>
    </ClInclude>
    <ClInclude Include="..\Code\RcTex.h">
      <Filter>97.Resources\01.Buffer\2.RcTex</Filter>
    </ClInclude>
    <ClInclude Include="..\Code\RcCol.h">
      <Filter>97.Resources\01.Buffer\1.RcCol</Filter>
    </ClInclude>
    <ClInclude Include="..\Code\RcTerrain.h">
      <Filter>97.Resources\01.Buffer\4.RcTerrain</Filter>
    </ClInclude>
    <ClInclude Include="..\Code\CubeCol.h">
      <Filter>97.Resources\01.Buffer\3.CubeCol</Filter>
    </ClInclude>
    <ClInclude Include="..\Code\Mesh.h">
      <Filter>97.Resources\01.Buffer\5.Mesh</Filter>
    </ClInclude>
    <ClInclude Include="..\Code\StaticMesh.h">
      <Filter>97.Resources\01.Buffer\5.Mesh\StaticMesh</Filter>
    </ClInclude>
    <ClInclude Include="..\Code\Texture.h">
      <Filter>97.Resources\02.Texture</Filter>
    </ClInclude>
    <ClInclude Include="..\Code\Shader.h">
      <Filter>97.Resources\03.Shader</Filter>
    </ClInclude>
    <ClInclude Include="..\Code\Resources.h">
      <Filter>97.Resources</Filter>
    </ClInclude>
    <ClInclude Include="..\Code\Collision.h">
      <Filter>96.Utility\01.Collision</Filter>
    </ClInclude>
    <ClInclude Include="..\Code\TerrainCol.h">
      <Filter>96.Utility\01.Collision\TerrainCol</Filter>
    </ClInclude>
    <ClInclude Include="..\Code\Device.h">
      <Filter>95.System\01.Device</Filter>
    </ClInclude>
    <ClInclude Include="..\Code\TimeMgr.h">
      <Filter>95.System\02.Time</Filter>
    </ClInclude>
    <ClInclude Include="..\Code\Input.h">
      <Filter>95.System\04.Input</Filter>
    </ClInclude>
    <ClInclude Include="..\Code\Scene.h">
      <Filter>01.Scene</Filter>
    </ClInclude>
    <ClInclude Include="..\Code\Logo.h">
      <Filter>01.Scene\01.Logo</Filter>
    </ClInclude>
    <ClInclude Include="..\Code\Stage.h">
      <Filter>01.Scene\02.Stage</Filter>
    </ClInclude>
    <ClInclude Include="..\Code\Obj.h">
      <Filter>02.Object</Filter>
    </ClInclude>
    <ClInclude Include="..\Code\Player.h">
      <Filter>02.Object\01.Player</Filter>
    </ClInclude>
    <ClInclude Include="..\Code\Terrain.h">
      <Filter>02.Object\03.Terrain</Filter>
    </ClInclude>
    <ClInclude Include="..\Code\Flower.h">
      <Filter>02.Object\04.Flower</Filter>
    </ClInclude>
    <ClInclude Include="..\Code\Component.h">
      <Filter>96.Utility\02.Component</Filter>
    </ClInclude>
    <ClInclude Include="..\Code\Info.h">
      <Filter>96.Utility\02.Component\01.Info</Filter>
    </ClInclude>
    <ClInclude Include="..\Code\Camera.h">
      <Filter>03.Camera</Filter>
    </ClInclude>
    <ClInclude Include="..\Code\ObjMgr.h">
      <Filter>04.Manager\01.ObjMgr</Filter>
    </ClInclude>
    <ClInclude Include="..\Code\ResourcesMgr.h">
      <Filter>04.Manager\02.ResourcesMgr</Filter>
    </ClInclude>
    <ClInclude Include="..\Code\ShaderMgr.h">
      <Filter>04.Manager\04.ShaderMgr</Filter>
    </ClInclude>
    <ClInclude Include="..\Code\RenderMgr.h">
      <Filter>04.Manager\05.RenderMgr</Filter>
    </ClInclude>
    <ClInclude Include="..\Code\SceneMgr.h">
      <Filter>04.Manager\06.SceneMgr</Filter>
    </ClInclude>
    <ClInclude Include="..\Code\VIBuffer.h">
      <Filter>97.Resources\01.Buffer</Filter>
    </ClInclude>
    <ClInclude Include="..\Code\DynamicMesh.h">
      <Filter>97.Resources\01.Buffer\5.Mesh\DynamicMesh</Filter>
    </ClInclude>
    <ClInclude Include="..\Code\FbxParser.h">
      <Filter>97.Resources\01.Buffer\5.Mesh\DynamicMesh\FbxParser</Filter>
    </ClInclude>
    <ClInclude Include="..\Code\AniBuffer.h">
      <Filter>97.Resources\01.Buffer\5.Mesh\DynamicMesh\AnimationBuffer</Filter>
    </ClInclude>
    <ClInclude Include="..\Server_Code\ClientClass.h">
      <Filter>99.Default\Only for Server</Filter>
    </ClInclude>
    <ClInclude Include="..\Code\OtherPlayer.h">
      <Filter>02.Object\02.OtherPlayer</Filter>
    </ClInclude>
    <ClInclude Include="..\Code\Loading.h">
      <Filter>01.Scene\03.Loading</Filter>
    </ClInclude>
    <ClInclude Include="..\Code\FontMgr.h">
      <Filter>95.System\05.FontMgr</Filter>
    </ClInclude>
    <ClInclude Include="..\Code\Font.h">
      <Filter>95.System\05.FontMgr\Font</Filter>
    </ClInclude>
    <ClInclude Include="..\Code\LogoBack.h">
      <Filter>02.Object\99.LogoBack</Filter>
    </ClInclude>
    <ClInclude Include="..\Code\StaticObject.h">
      <Filter>02.Object\05.StaticObject</Filter>
    </ClInclude>
    <ClInclude Include="..\Code\AnimationMgr.h">
      <Filter>04.Manager\08.AniMgr</Filter>
    </ClInclude>
    <ClInclude Include="..\Code\ParsingDevice9.h">
      <Filter>95.System\99.PasingDevice</Filter>
    </ClInclude>
    <ClInclude Include="..\Code\LightMgr.h">
      <Filter>04.Manager\09.LightMgr</Filter>
    </ClInclude>
    <ClInclude Include="..\Code\TargetMgr.h">
      <Filter>04.Manager\10.TargetMgr</Filter>
    </ClInclude>
    <ClInclude Include="..\Code\MultiRenderTarget.h">
      <Filter>04.Manager\10.TargetMgr\MultiRenderTarget</Filter>
    </ClInclude>
    <ClInclude Include="..\Code\RenderTarget.h">
      <Filter>04.Manager\10.TargetMgr\MultiRenderTarget\RenderTaget</Filter>
    </ClInclude>
    <ClInclude Include="..\..\..\..\server\2017 server\serverBoostModel\serverBoostModel\protocol.h">
      <Filter>99.Default\Only for Server</Filter>
    </ClInclude>
    <ClInclude Include="..\Code\Frustum.h">
      <Filter>96.Utility\03.Optimization\01.Frustum</Filter>
    </ClInclude>
    <ClInclude Include="..\Code\QuardTree.h">
      <Filter>96.Utility\03.Optimization\02.QuardTree</Filter>
    </ClInclude>
    <ClInclude Include="..\Code\Node.h">
      <Filter>96.Utility\03.Optimization\02.QuardTree\Node</Filter>
    </ClInclude>
    <ClInclude Include="..\Code\Monster.h">
      <Filter>02.Object\06.Monster</Filter>
    </ClInclude>
    <ClInclude Include="..\Code\UI.h">
      <Filter>02.Object\08.UI</Filter>
    </ClInclude>
    <ClInclude Include="..\Code\FaceUI.h">
      <Filter>02.Object\08.UI\02.FaceUI</Filter>
    </ClInclude>
    <ClInclude Include="..\Code\BaseUI.h">
      <Filter>02.Object\08.UI\01.BaseUI</Filter>
    </ClInclude>
    <ClInclude Include="..\Code\HpBar.h">
      <Filter>02.Object\08.UI\03.HpBar</Filter>
    </ClInclude>
    <ClInclude Include="..\Code\FeverBar.h">
      <Filter>02.Object\08.UI\04.FeverBar</Filter>
    </ClInclude>
    <ClInclude Include="..\Code\RuneBar.h">
      <Filter>02.Object\08.UI\05.RuneBar</Filter>
    </ClInclude>
    <ClInclude Include="..\Code\NaviMgr.h">
      <Filter>96.Utility\04.NaviMgr</Filter>
    </ClInclude>
    <ClInclude Include="..\Code\NaviCell.h">
      <Filter>96.Utility\04.NaviMgr\NaviCell</Filter>
    </ClInclude>
    <ClInclude Include="..\Code\Line2D.h">
      <Filter>96.Utility\04.NaviMgr\NaviCell\Line2D</Filter>
    </ClInclude>
    <ClInclude Include="..\Code\LineCol.h">
      <Filter>97.Resources\01.Buffer\6.LineCol</Filter>
    </ClInclude>
    <ClInclude Include="..\Code\DamageFont.h">
      <Filter>02.Object\08.UI\06.DamageFont</Filter>
    </ClInclude>
    <ClInclude Include="..\Code\MobHpBasic.h">
      <Filter>02.Object\08.UI\07.MobHpBasic</Filter>
    </ClInclude>
    <ClInclude Include="MobHpBar.h">
      <Filter>02.Object\08.UI\08.MobHpBar</Filter>
    </ClInclude>
    <ClInclude Include="..\..\..\..\server\2017 server\serverBoostModel\serverBoostModel\readLUAScript.h">
      <Filter>99.Default\Script</Filter>
    </ClInclude>
    <ClInclude Include="..\Code\ChatUI.h">
      <Filter>02.Object\08.UI\09.ChatUI</Filter>
    </ClInclude>
    <ClInclude Include="..\Code\QuestUI.h">
      <Filter>02.Object\08.UI\10.QuestUI</Filter>
    </ClInclude>
    <ClInclude Include="..\Code\Boss.h">
      <Filter>02.Object\07.Boss</Filter>
    </ClInclude>
    <ClInclude Include="..\Code\CascadedMatrixSet.h">
      <Filter>100.Shadow</Filter>
    </ClInclude>
    <ClInclude Include="..\Code\BottomUI.h">
      <Filter>02.Object\08.UI\11.BottomUI</Filter>
    </ClInclude>
    <ClInclude Include="..\Code\BottomFever.h">
      <Filter>02.Object\08.UI\13.BottomFever</Filter>
    </ClInclude>
    <ClInclude Include="..\Code\SkillUI.h">
      <Filter>02.Object\08.UI\12.SkillUI</Filter>
    </ClInclude>
    <ClInclude Include="..\Code\Effect.h">
      <Filter>02.Object\09.Effect</Filter>
    </ClInclude>
  </ItemGroup>
  <ItemGroup>
    <ClCompile Include="..\Code\MainApp.cpp">
      <Filter>00.MainApp</Filter>
    </ClCompile>
    <ClCompile Include="Client.cpp">
      <Filter>99.Default</Filter>
    </ClCompile>
    <ClCompile Include="stdafx.cpp">
      <Filter>99.Default</Filter>
    </ClCompile>
    <ClCompile Include="..\Code\RcTex.cpp">
      <Filter>97.Resources\01.Buffer\2.RcTex</Filter>
    </ClCompile>
    <ClCompile Include="..\Code\RcCol.cpp">
      <Filter>97.Resources\01.Buffer\1.RcCol</Filter>
    </ClCompile>
    <ClCompile Include="..\Code\RcTerrain.cpp">
      <Filter>97.Resources\01.Buffer\4.RcTerrain</Filter>
    </ClCompile>
    <ClCompile Include="..\Code\CubeCol.cpp">
      <Filter>97.Resources\01.Buffer\3.CubeCol</Filter>
    </ClCompile>
    <ClCompile Include="..\Code\Mesh.cpp">
      <Filter>97.Resources\01.Buffer\5.Mesh</Filter>
    </ClCompile>
    <ClCompile Include="..\Code\StaticMesh.cpp">
      <Filter>97.Resources\01.Buffer\5.Mesh\StaticMesh</Filter>
    </ClCompile>
    <ClCompile Include="..\Code\Texture.cpp">
      <Filter>97.Resources\02.Texture</Filter>
    </ClCompile>
    <ClCompile Include="..\Code\Shader.cpp">
      <Filter>97.Resources\03.Shader</Filter>
    </ClCompile>
    <ClCompile Include="..\Code\Resources.cpp">
      <Filter>97.Resources</Filter>
    </ClCompile>
    <ClCompile Include="..\Code\Collision.cpp">
      <Filter>96.Utility\01.Collision</Filter>
    </ClCompile>
    <ClCompile Include="..\Code\TerrainCol.cpp">
      <Filter>96.Utility\01.Collision\TerrainCol</Filter>
    </ClCompile>
    <ClCompile Include="..\Code\Device.cpp">
      <Filter>95.System\01.Device</Filter>
    </ClCompile>
    <ClCompile Include="..\Code\TimeMgr.cpp">
      <Filter>95.System\02.Time</Filter>
    </ClCompile>
    <ClCompile Include="..\Code\Input.cpp">
      <Filter>95.System\04.Input</Filter>
    </ClCompile>
    <ClCompile Include="..\Code\Scene.cpp">
      <Filter>01.Scene</Filter>
    </ClCompile>
    <ClCompile Include="..\Code\Logo.cpp">
      <Filter>01.Scene\01.Logo</Filter>
    </ClCompile>
    <ClCompile Include="..\Code\Stage.cpp">
      <Filter>01.Scene\02.Stage</Filter>
    </ClCompile>
    <ClCompile Include="..\Code\Obj.cpp">
      <Filter>02.Object</Filter>
    </ClCompile>
    <ClCompile Include="..\Code\Player.cpp">
      <Filter>02.Object\01.Player</Filter>
    </ClCompile>
    <ClCompile Include="..\Code\Terrain.cpp">
      <Filter>02.Object\03.Terrain</Filter>
    </ClCompile>
    <ClCompile Include="..\Code\Flower.cpp">
      <Filter>02.Object\04.Flower</Filter>
    </ClCompile>
    <ClCompile Include="..\Code\Component.cpp">
      <Filter>96.Utility\02.Component</Filter>
    </ClCompile>
    <ClCompile Include="..\Code\Info.cpp">
      <Filter>96.Utility\02.Component\01.Info</Filter>
    </ClCompile>
    <ClCompile Include="..\Code\Camera.cpp">
      <Filter>03.Camera</Filter>
    </ClCompile>
    <ClCompile Include="..\Code\ObjMgr.cpp">
      <Filter>04.Manager\01.ObjMgr</Filter>
    </ClCompile>
    <ClCompile Include="..\Code\ResourcesMgr.cpp">
      <Filter>04.Manager\02.ResourcesMgr</Filter>
    </ClCompile>
    <ClCompile Include="..\Code\ShaderMgr.cpp">
      <Filter>04.Manager\04.ShaderMgr</Filter>
    </ClCompile>
    <ClCompile Include="..\Code\RenderMgr.cpp">
      <Filter>04.Manager\05.RenderMgr</Filter>
    </ClCompile>
    <ClCompile Include="..\Code\SceneMgr.cpp">
      <Filter>04.Manager\06.SceneMgr</Filter>
    </ClCompile>
    <ClCompile Include="..\Code\VIBuffer.cpp">
      <Filter>97.Resources\01.Buffer</Filter>
    </ClCompile>
    <ClCompile Include="..\Code\DynamicMesh.cpp">
      <Filter>97.Resources\01.Buffer\5.Mesh\DynamicMesh</Filter>
    </ClCompile>
    <ClCompile Include="..\Code\FbxParser.cpp">
      <Filter>97.Resources\01.Buffer\5.Mesh\DynamicMesh\FbxParser</Filter>
    </ClCompile>
    <ClCompile Include="..\Code\AniBuffer.cpp">
      <Filter>97.Resources\01.Buffer\5.Mesh\DynamicMesh\AnimationBuffer</Filter>
    </ClCompile>
    <ClCompile Include="..\Server_Code\ClientClass.cpp">
      <Filter>99.Default\Only for Server</Filter>
    </ClCompile>
    <ClCompile Include="..\Server_Code\processPacket.cpp">
      <Filter>99.Default\Only for Server</Filter>
    </ClCompile>
    <ClCompile Include="..\Server_Code\ProcessWinMessage_clientClass.cpp">
      <Filter>99.Default\Only for Server</Filter>
    </ClCompile>
    <ClCompile Include="..\Code\OtherPlayer.cpp">
      <Filter>02.Object\02.OtherPlayer</Filter>
    </ClCompile>
    <ClCompile Include="..\Code\Loading.cpp">
      <Filter>01.Scene\03.Loading</Filter>
    </ClCompile>
    <ClCompile Include="..\Code\FontMgr.cpp">
      <Filter>95.System\05.FontMgr</Filter>
    </ClCompile>
    <ClCompile Include="..\Code\Font.cpp">
      <Filter>95.System\05.FontMgr\Font</Filter>
    </ClCompile>
    <ClCompile Include="..\Code\LogoBack.cpp">
      <Filter>02.Object\99.LogoBack</Filter>
    </ClCompile>
    <ClCompile Include="..\Code\StaticObject.cpp">
      <Filter>02.Object\05.StaticObject</Filter>
    </ClCompile>
    <ClCompile Include="..\Code\AnimationMgr.cpp">
      <Filter>04.Manager\08.AniMgr</Filter>
    </ClCompile>
    <ClCompile Include="..\Code\ParsingDevice9.cpp">
      <Filter>95.System\99.PasingDevice</Filter>
    </ClCompile>
    <ClCompile Include="..\Code\LightMgr.cpp">
      <Filter>04.Manager\09.LightMgr</Filter>
    </ClCompile>
    <ClCompile Include="..\Code\TargetMgr.cpp">
      <Filter>04.Manager\10.TargetMgr</Filter>
    </ClCompile>
    <ClCompile Include="..\Code\MultiRenderTarget.cpp">
      <Filter>04.Manager\10.TargetMgr\MultiRenderTarget</Filter>
    </ClCompile>
    <ClCompile Include="..\Code\RenderTarget.cpp">
      <Filter>04.Manager\10.TargetMgr\MultiRenderTarget\RenderTaget</Filter>
    </ClCompile>
    <ClCompile Include="..\Code\Frustum.cpp">
      <Filter>96.Utility\03.Optimization\01.Frustum</Filter>
    </ClCompile>
    <ClCompile Include="..\Code\QuardTree.cpp">
      <Filter>96.Utility\03.Optimization\02.QuardTree</Filter>
    </ClCompile>
    <ClCompile Include="..\Code\Node.cpp">
      <Filter>96.Utility\03.Optimization\02.QuardTree\Node</Filter>
    </ClCompile>
    <ClCompile Include="..\Code\Monster.cpp">
      <Filter>02.Object\06.Monster</Filter>
    </ClCompile>
    <ClCompile Include="..\Code\UI.cpp">
      <Filter>02.Object\08.UI</Filter>
    </ClCompile>
    <ClCompile Include="..\Code\FaceUI.cpp">
      <Filter>02.Object\08.UI\02.FaceUI</Filter>
    </ClCompile>
    <ClCompile Include="..\Code\BaseUI.cpp">
      <Filter>02.Object\08.UI\01.BaseUI</Filter>
    </ClCompile>
    <ClCompile Include="..\Code\HpBar.cpp">
      <Filter>02.Object\08.UI\03.HpBar</Filter>
    </ClCompile>
    <ClCompile Include="..\Code\FeverBar.cpp">
      <Filter>02.Object\08.UI\04.FeverBar</Filter>
    </ClCompile>
    <ClCompile Include="..\Code\RuneBar.cpp">
      <Filter>02.Object\08.UI\05.RuneBar</Filter>
    </ClCompile>
    <ClCompile Include="..\Code\NaviMgr.cpp">
      <Filter>96.Utility\04.NaviMgr</Filter>
    </ClCompile>
    <ClCompile Include="..\Code\NaviCell.cpp">
      <Filter>96.Utility\04.NaviMgr\NaviCell</Filter>
    </ClCompile>
    <ClCompile Include="..\Code\Line2D.cpp">
      <Filter>96.Utility\04.NaviMgr\NaviCell\Line2D</Filter>
    </ClCompile>
    <ClCompile Include="..\Code\LineCol.cpp">
      <Filter>97.Resources\01.Buffer\6.LineCol</Filter>
    </ClCompile>
    <ClCompile Include="..\Code\DamageFont.cpp">
      <Filter>02.Object\08.UI\06.DamageFont</Filter>
    </ClCompile>
    <ClCompile Include="..\Code\MobHpBasic.cpp">
      <Filter>02.Object\08.UI\07.MobHpBasic</Filter>
    </ClCompile>
    <ClCompile Include="MobHpBar.cpp">
      <Filter>02.Object\08.UI\08.MobHpBar</Filter>
    </ClCompile>
    <ClCompile Include="..\..\..\..\server\2017 server\serverBoostModel\serverBoostModel\readLUAScript.cpp">
      <Filter>99.Default\Script</Filter>
    </ClCompile>
    <ClCompile Include="..\Code\ChatUI.cpp">
      <Filter>02.Object\08.UI\09.ChatUI</Filter>
    </ClCompile>
    <ClCompile Include="..\Code\QuestUI.cpp">
      <Filter>02.Object\08.UI\10.QuestUI</Filter>
    </ClCompile>
    <ClCompile Include="..\Code\Boss.cpp">
      <Filter>02.Object\07.Boss</Filter>
    </ClCompile>
    <ClCompile Include="..\Code\CascadedMatrixSet.cpp">
      <Filter>100.Shadow</Filter>
    </ClCompile>
    <ClCompile Include="..\Code\BottomUI.cpp">
      <Filter>02.Object\08.UI\11.BottomUI</Filter>
    </ClCompile>
    <ClCompile Include="..\Code\BottomFever.cpp">
      <Filter>02.Object\08.UI\13.BottomFever</Filter>
    </ClCompile>
    <ClCompile Include="..\Code\SkillUI.cpp">
      <Filter>02.Object\08.UI\12.SkillUI</Filter>
    </ClCompile>
    <ClCompile Include="..\Code\Effect.cpp">
      <Filter>02.Object\09.Effect</Filter>
    </ClCompile>
  </ItemGroup>
  <ItemGroup>
    <FxCompile Include="..\ShaderCode\Shader.fx">
      <Filter>97.Resources\03.Shader\ShaderCode</Filter>
    </FxCompile>
    <FxCompile Include="..\ShaderCode\common.fx">
      <Filter>97.Resources\03.Shader\ShaderCode</Filter>
    </FxCompile>
    <FxCompile Include="..\ShaderCode\DeferredShading.fx">
      <Filter>97.Resources\03.Shader\ShaderCode</Filter>
    </FxCompile>
    <FxCompile Include="..\ShaderCode\DirLight.fx">
      <Filter>97.Resources\03.Shader\ShaderCode</Filter>
    </FxCompile>
    <FxCompile Include="..\ShaderCode\GBufferVis.fx">
      <Filter>97.Resources\03.Shader\ShaderCode</Filter>
    </FxCompile>
    <FxCompile Include="..\ShaderCode\PointLight.fx">
      <Filter>97.Resources\03.Shader\ShaderCode</Filter>
    </FxCompile>
    <FxCompile Include="..\ShaderCode\BorderLine.fx">
      <Filter>97.Resources\03.Shader\ShaderCode</Filter>
    </FxCompile>
    <FxCompile Include="..\ShaderCode\DebugBuffer.fx">
      <Filter>97.Resources\03.Shader\ShaderCode</Filter>
    </FxCompile>
    <FxCompile Include="..\ShaderCode\LineShader.fx">
      <Filter>97.Resources\03.Shader\ShaderCode</Filter>
    </FxCompile>
    <FxCompile Include="..\ShaderCode\ShadowGen.fx">
      <Filter>97.Resources\03.Shader\ShaderCode</Filter>
    </FxCompile>
  </ItemGroup>
  <ItemGroup>
    <ResourceCompile Include="ip_and_login.rc">
      <Filter>99.Default</Filter>
    </ResourceCompile>
  </ItemGroup>
  <ItemGroup>
    <None Include="..\..\..\..\server\2017 server\serverBoostModel\serverBoostModel\script\AI_default_status.lua">
      <Filter>99.Default\Script</Filter>
    </None>
    <None Include="packages.config" />
  </ItemGroup>
</Project>