<?xml version="1.0" encoding="utf-8"?>
<Project ToolsVersion="4.0" xmlns="http://schemas.microsoft.com/developer/msbuild/2003">
  <ItemGroup>
    <Filter Include="소스 파일">
      <UniqueIdentifier>{4FC737F1-C7A5-4376-A066-2A32D752A2FF}</UniqueIdentifier>
      <Extensions>cpp;c;cc;cxx;def;odl;idl;hpj;bat;asm;asmx</Extensions>
    </Filter>
    <Filter Include="헤더 파일">
      <UniqueIdentifier>{93995380-89BD-4b04-88EB-625FBE52EBFB}</UniqueIdentifier>
      <Extensions>h;hh;hpp;hxx;hm;inl;inc;xsd</Extensions>
    </Filter>
    <Filter Include="리소스 파일">
      <UniqueIdentifier>{67DA6AB6-F800-4c08-8B7A-83BB121AAD01}</UniqueIdentifier>
      <Extensions>rc;ico;cur;bmp;dlg;rc2;rct;bin;rgs;gif;jpg;jpeg;jpe;resx;tiff;tif;png;wav;mfcribbon-ms</Extensions>
    </Filter>
    <Filter Include="헤더 파일\00.server%27s_protocol">
      <UniqueIdentifier>{bb8fc5cd-b1f0-46a2-8265-56020bc34e53}</UniqueIdentifier>
    </Filter>
    <Filter Include="헤더 파일\01.ClientClass">
      <UniqueIdentifier>{66351bad-e7e5-4731-b453-9568f93219da}</UniqueIdentifier>
    </Filter>
    <Filter Include="소스 파일\01.ClientClass">
      <UniqueIdentifier>{5d67e8a2-e617-48ba-b085-2a114eccbbf3}</UniqueIdentifier>
    </Filter>
    <Filter Include="소스 파일\00.CallbackFunction">
      <UniqueIdentifier>{d51d7bfe-19d6-4792-8c71-a4b85c0c87e8}</UniqueIdentifier>
    </Filter>
  </ItemGroup>
  <ItemGroup>
    <ClInclude Include="stdafx.h">
      <Filter>헤더 파일</Filter>
    </ClInclude>
    <ClInclude Include="..\..\..\server\Server\Server\protocol.h">
      <Filter>헤더 파일\00.server%27s_protocol</Filter>
    </ClInclude>
    <ClInclude Include="clientClass.h">
      <Filter>헤더 파일\01.ClientClass</Filter>
    </ClInclude>
  </ItemGroup>
  <ItemGroup>
    <ClCompile Include="ClientClass.cpp">
      <Filter>소스 파일\01.ClientClass</Filter>
    </ClCompile>
    <ClCompile Include="main.cpp">
      <Filter>소스 파일</Filter>
    </ClCompile>
    <ClCompile Include="stdafx.cpp">
      <Filter>소스 파일\00.CallbackFunction</Filter>
    </ClCompile>
    <ClCompile Include="ProcessWinMessage_clientClass.cpp">
      <Filter>소스 파일\00.CallbackFunction</Filter>
    </ClCompile>
  </ItemGroup>
  <ItemGroup>
    <Text Include="ServerIP.txt">
      <Filter>리소스 파일</Filter>
    </Text>
  </ItemGroup>
</Project>